
Microsoft Visual Studio Solution File, Format Version 12.00
# Visual Studio Version 17
VisualStudioVersion = 17.2.32630.192
MinimumVisualStudioVersion = 10.0.40219.1
Project("{9A19103F-16F7-4668-BE54-9A1E7A4F7556}") = "AdventOfCode.Utils", "AdventOfCode.Utils\AdventOfCode.Utils.csproj", "{7B924ADF-567A-47EC-8978-DB10AB8856A5}"
EndProject
Project("{FAE04EC0-301F-11D3-BF4B-00C04F79EFBC}") = "AdventOfCode2024", "AdventOfCode2024\AdventOfCode2024.csproj", "{59BD1FFE-2CDA-4EE6-A1B4-AAA607A579B7}"
EndProject
Global
	GlobalSection(SolutionConfigurationPlatforms) = preSolution
		Debug|Any CPU = Debug|Any CPU
		Release|Any CPU = Release|Any CPU
	EndGlobalSection
	GlobalSection(ProjectConfigurationPlatforms) = postSolution
		{7B924ADF-567A-47EC-8978-DB10AB8856A5}.Debug|Any CPU.ActiveCfg = Debug|Any CPU
		{7B924ADF-567A-47EC-8978-DB10AB8856A5}.Debug|Any CPU.Build.0 = Debug|Any CPU
		{7B924ADF-567A-47EC-8978-DB10AB8856A5}.Release|Any CPU.ActiveCfg = Release|Any CPU
		{7B924ADF-567A-47EC-8978-DB10AB8856A5}.Release|Any CPU.Build.0 = Release|Any CPU
		{59BD1FFE-2CDA-4EE6-A1B4-AAA607A579B7}.Debug|Any CPU.ActiveCfg = Debug|Any CPU
		{59BD1FFE-2CDA-4EE6-A1B4-AAA607A579B7}.Debug|Any CPU.Build.0 = Debug|Any CPU
		{59BD1FFE-2CDA-4EE6-A1B4-AAA607A579B7}.Release|Any CPU.ActiveCfg = Release|Any CPU
		{59BD1FFE-2CDA-4EE6-A1B4-AAA607A579B7}.Release|Any CPU.Build.0 = Release|Any CPU
	EndGlobalSection
	GlobalSection(SolutionProperties) = preSolution
		HideSolutionNode = FALSE
	EndGlobalSection
	GlobalSection(ExtensibilityGlobals) = postSolution
		SolutionGuid = {BB37C227-1BC2-4DE8-8594-88E24A03B707}
	EndGlobalSection
EndGlobal
